// !$*UTF8*$!
{
	archiveVersion = 1;
	classes = {
	};
	objectVersion = 46;
	objects = {

/* Begin PBXGroup section */
		BED26C131A65C06A00BC0A04 = {
			isa = PBXGroup;
			children = (
			);
			sourceTree = "<group>";
		};
/* End PBXGroup section */

/* Begin PBXProject section */
		BED26C141A65C06A00BC0A04 /* Project object */ = {
			isa = PBXProject;
			attributes = {
				LastUpgradeCheck = 0610;
			};
			buildConfigurationList = BED26C171A65C06A00BC0A04 /* Build configuration list for PBXProject "SwiftExperimentApp" */;
			compatibilityVersion = "Xcode 3.2";
			developmentRegion = English;
			hasScannedForEncodings = 0;
			knownRegions = (
				en,
			);
			mainGroup = BED26C131A65C06A00BC0A04;
			projectDirPath = "";
			projectRoot = "";
			targets = (
			);
		};
/* End PBXProject section */

/* Begin XCBuildConfiguration section */
		BED26C181A65C06A00BC0A04 /* Debug */ = {
			isa = XCBuildConfiguration;
			buildSettings = {
			};
			name = Debug;
		};
		BED26C191A65C06A00BC0A04 /* Release */ = {
			isa = XCBuildConfiguration;
			buildSettings = {
			};
			name = Release;
		};
/* End XCBuildConfiguration section */

/* Begin XCConfigurationList section */
		BED26C171A65C06A00BC0A04 /* Build configuration list for PBXProject "SwiftExperimentApp" */ = {
			isa = XCConfigurationList;
			buildConfigurations = (
				BED26C181A65C06A00BC0A04 /* Debug */,
				BED26C191A65C06A00BC0A04 /* Release */,
			);
			defaultConfigurationIsVisible = 0;
			defaultConfigurationName = Release;
		};
/* End XCConfigurationList section */
	};
	rootObject = BED26C141A65C06A00BC0A04 /* Project object */;
}
